Microsoft Visual Studio Solution File, Format Version 12.00
# Visual Studio Version 17
VisualStudioVersion = 17.5.2.0
MinimumVisualStudioVersion = 10.0.40219.1
Project("{FAE04EC0-301F-11D3-BF4B-00C04F79EFBC}") = "WpAiCli", "WpAiCli.csproj", "{AAA4B453-2CE1-A7AD-8AC6-36C511C6FC1A}"
EndProject
Global
	GlobalSection(SolutionConfigurationPlatforms) = preSolution
		Debug|Any CPU = Debug|Any CPU
		Release|Any CPU = Release|Any CPU
	EndGlobalSection
	GlobalSection(ProjectConfigurationPlatforms) = postSolution
		{AAA4B453-2CE1-A7AD-8AC6-36C511C6FC1A}.Debug|Any CPU.ActiveCfg = Debug|Any CPU
		{AAA4B453-2CE1-A7AD-8AC6-36C511C6FC1A}.Debug|Any CPU.Build.0 = Debug|Any CPU
		{AAA4B453-2CE1-A7AD-8AC6-36C511C6FC1A}.Release|Any CPU.ActiveCfg = Release|Any CPU
		{AAA4B453-2CE1-A7AD-8AC6-36C511C6FC1A}.Release|Any CPU.Build.0 = Release|Any CPU
	EndGlobalSection
	GlobalSection(SolutionProperties) = preSolution
		HideSolutionNode = FALSE
	EndGlobalSection
	GlobalSection(ExtensibilityGlobals) = postSolution
		SolutionGuid = {570D1198-9846-4F76-ADA7-0F1CEFA92A3A}
	EndGlobalSection
EndGlobal
